
Microsoft Visual Studio Solution File, Format Version 12.00
# Visual Studio Version 16
VisualStudioVersion = 16.0.31624.102
MinimumVisualStudioVersion = 10.0.40219.1
Project("{FAE04EC0-301F-11D3-BF4B-00C04F79EFBC}") = "Сalculator", "Сalculator\Сalculator.csproj", "{23C8FC6F-AEEB-4CE9-A2F9-2394867FF903}"
EndProject
Project("{FAE04EC0-301F-11D3-BF4B-00C04F79EFBC}") = "Calculator2", "Calculator2\Calculator2.csproj", "{71F5268B-489D-4BDD-B4E7-CD1834DDDC8E}"
EndProject
Global
	GlobalSection(SolutionConfigurationPlatforms) = preSolution
		Debug|Any CPU = Debug|Any CPU
		Release|Any CPU = Release|Any CPU
	EndGlobalSection
	GlobalSection(ProjectConfigurationPlatforms) = postSolution
		{23C8FC6F-AEEB-4CE9-A2F9-2394867FF903}.Debug|Any CPU.ActiveCfg = Debug|Any CPU
		{23C8FC6F-AEEB-4CE9-A2F9-2394867FF903}.Debug|Any CPU.Build.0 = Debug|Any CPU
		{23C8FC6F-AEEB-4CE9-A2F9-2394867FF903}.Release|Any CPU.ActiveCfg = Release|Any CPU
		{23C8FC6F-AEEB-4CE9-A2F9-2394867FF903}.Release|Any CPU.Build.0 = Release|Any CPU
		{71F5268B-489D-4BDD-B4E7-CD1834DDDC8E}.Debug|Any CPU.ActiveCfg = Debug|Any CPU
		{71F5268B-489D-4BDD-B4E7-CD1834DDDC8E}.Debug|Any CPU.Build.0 = Debug|Any CPU
		{71F5268B-489D-4BDD-B4E7-CD1834DDDC8E}.Release|Any CPU.ActiveCfg = Release|Any CPU
		{71F5268B-489D-4BDD-B4E7-CD1834DDDC8E}.Release|Any CPU.Build.0 = Release|Any CPU
	EndGlobalSection
	GlobalSection(SolutionProperties) = preSolution
		HideSolutionNode = FALSE
	EndGlobalSection
	GlobalSection(ExtensibilityGlobals) = postSolution
		SolutionGuid = {8358C52A-2F6B-4F2E-B887-231273CDA7C0}
	EndGlobalSection
EndGlobal
